// !$*UTF8*$!
{
	archiveVersion = 1;
	classes = {
	};
	objectVersion = 46;
	objects = {

/* Begin PBXBuildFile section */
		344769691BB654C0003E3760 /* AppDelegate.swift in Sources */ = {isa = PBXBuildFile; fileRef = 344769681BB654C0003E3760 /* AppDelegate.swift */; };
		3447696E1BB654C0003E3760 /* Main.storyboard in Resources */ = {isa = PBXBuildFile; fileRef = 3447696C1BB654C0003E3760 /* Main.storyboard */; };
		344769701BB654C0003E3760 /* Assets.xcassets in Resources */ = {isa = PBXBuildFile; fileRef = 3447696F1BB654C0003E3760 /* Assets.xcassets */; };
		344769731BB654C0003E3760 /* LaunchScreen.storyboard in Resources */ = {isa = PBXBuildFile; fileRef = 344769711BB654C0003E3760 /* LaunchScreen.storyboard */; };
		3447697E1BB654C0003E3760 /* AssuntosTests.swift in Sources */ = {isa = PBXBuildFile; fileRef = 3447697D1BB654C0003E3760 /* AssuntosTests.swift */; };
		344769891BB654C0003E3760 /* AssuntosUITests.swift in Sources */ = {isa = PBXBuildFile; fileRef = 344769881BB654C0003E3760 /* AssuntosUITests.swift */; };
		3447699F1BB6615A003E3760 /* SubjectTableViewController.swift in Sources */ = {isa = PBXBuildFile; fileRef = 3447699E1BB6615A003E3760 /* SubjectTableViewController.swift */; settings = {ASSET_TAGS = (); }; };
		344769AF1BB66CD9003E3760 /* SubjectGatewayFake.swift in Sources */ = {isa = PBXBuildFile; fileRef = 344769AE1BB66CD9003E3760 /* SubjectGatewayFake.swift */; settings = {ASSET_TAGS = (); }; };
		344769B11BB66D4A003E3760 /* GetSubjecstListUsecase.swift in Sources */ = {isa = PBXBuildFile; fileRef = 344769B01BB66D4A003E3760 /* GetSubjecstListUsecase.swift */; settings = {ASSET_TAGS = (); }; };
		344769B31BB66E27003E3760 /* GatewaySubject.swift in Sources */ = {isa = PBXBuildFile; fileRef = 344769B21BB66E27003E3760 /* GatewaySubject.swift */; settings = {ASSET_TAGS = (); }; };
		344769B71BB67094003E3760 /* Subject.swift in Sources */ = {isa = PBXBuildFile; fileRef = 344769B61BB67094003E3760 /* Subject.swift */; settings = {ASSET_TAGS = (); }; };
		3448CB051BB6F8C6004660CD /* SuggestionTableViewController.swift in Sources */ = {isa = PBXBuildFile; fileRef = 3448CB041BB6F8C6004660CD /* SuggestionTableViewController.swift */; settings = {ASSET_TAGS = (); }; };
		3448CB071BB6F8F2004660CD /* Suggestion.swift in Sources */ = {isa = PBXBuildFile; fileRef = 3448CB061BB6F8F2004660CD /* Suggestion.swift */; settings = {ASSET_TAGS = (); }; };
		3448CB0B1BB6FBCD004660CD /* GatewaySuggestion.swift in Sources */ = {isa = PBXBuildFile; fileRef = 3448CB0A1BB6FBCD004660CD /* GatewaySuggestion.swift */; settings = {ASSET_TAGS = (); }; };
		3448CB0D1BB6FCCE004660CD /* SuggestionGatewayFake.swift in Sources */ = {isa = PBXBuildFile; fileRef = 3448CB0C1BB6FCCE004660CD /* SuggestionGatewayFake.swift */; settings = {ASSET_TAGS = (); }; };
		3448CB0F1BB6FF02004660CD /* AddSuggestionToSubjectUsecase.swift in Sources */ = {isa = PBXBuildFile; fileRef = 3448CB0E1BB6FF02004660CD /* AddSuggestionToSubjectUsecase.swift */; settings = {ASSET_TAGS = (); }; };
		3448CB131BB7038A004660CD /* GetRandomSuggestionUsecase.swift in Sources */ = {isa = PBXBuildFile; fileRef = 3448CB121BB7038A004660CD /* GetRandomSuggestionUsecase.swift */; settings = {ASSET_TAGS = (); }; };
		3448CB2C1BB70DD7004660CD /* AddSubjectUsecaseTest.swift in Sources */ = {isa = PBXBuildFile; fileRef = 3448CB281BB70DD7004660CD /* AddSubjectUsecaseTest.swift */; settings = {ASSET_TAGS = (); }; };
		3448CB2D1BB70DD7004660CD /* AddSuggestionToSubjectUsecaseTest.swift in Sources */ = {isa = PBXBuildFile; fileRef = 3448CB291BB70DD7004660CD /* AddSuggestionToSubjectUsecaseTest.swift */; settings = {ASSET_TAGS = (); }; };
		3448CB2E1BB70DD7004660CD /* GetRandomSubjectUsecaseTest.swift in Sources */ = {isa = PBXBuildFile; fileRef = 3448CB2A1BB70DD7004660CD /* GetRandomSubjectUsecaseTest.swift */; settings = {ASSET_TAGS = (); }; };
		3448CB2F1BB70DD7004660CD /* GetSubjectsListUsecaseTest.swift in Sources */ = {isa = PBXBuildFile; fileRef = 3448CB2B1BB70DD7004660CD /* GetSubjectsListUsecaseTest.swift */; settings = {ASSET_TAGS = (); }; };
		3448CB361BB72F05004660CD /* SubjectGateway.swift in Sources */ = {isa = PBXBuildFile; fileRef = 3448CB341BB72F05004660CD /* SubjectGateway.swift */; settings = {ASSET_TAGS = (); }; };
		3448CB371BB72F05004660CD /* SuggestionGateway.swift in Sources */ = {isa = PBXBuildFile; fileRef = 3448CB351BB72F05004660CD /* SuggestionGateway.swift */; settings = {ASSET_TAGS = (); }; };
		3448CB391BB73938004660CD /* GetRandomSuggestionBySubjectUsecaseTest.swift in Sources */ = {isa = PBXBuildFile; fileRef = 3448CB381BB73938004660CD /* GetRandomSuggestionBySubjectUsecaseTest.swift */; settings = {ASSET_TAGS = (); }; };
		3448CB3B1BB7397B004660CD /* GetRandomSuggestionBySubjectUsecase.swift in Sources */ = {isa = PBXBuildFile; fileRef = 3448CB3A1BB7397B004660CD /* GetRandomSuggestionBySubjectUsecase.swift */; settings = {ASSET_TAGS = (); }; };
		3448CB3E1BB73D61004660CD /* ArrayExtension.swift in Sources */ = {isa = PBXBuildFile; fileRef = 3448CB3D1BB73D61004660CD /* ArrayExtension.swift */; settings = {ASSET_TAGS = (); }; };
		34AF21651BB67CB7008BC0DF /* AddSubjectUsecase.swift in Sources */ = {isa = PBXBuildFile; fileRef = 34AF21641BB67CB7008BC0DF /* AddSubjectUsecase.swift */; settings = {ASSET_TAGS = (); }; };
/* End PBXBuildFile section */

/* Begin PBXContainerItemProxy section */
		3447697A1BB654C0003E3760 /* PBXContainerItemProxy */ = {
			isa = PBXContainerItemProxy;
			containerPortal = 3447695D1BB654C0003E3760 /* Project object */;
			proxyType = 1;
			remoteGlobalIDString = 344769641BB654C0003E3760;
			remoteInfo = Assuntos;
		};
		344769851BB654C0003E3760 /* PBXContainerItemProxy */ = {
			isa = PBXContainerItemProxy;
			containerPortal = 3447695D1BB654C0003E3760 /* Project object */;
			proxyType = 1;
			remoteGlobalIDString = 344769641BB654C0003E3760;
			remoteInfo = Assuntos;
		};
		3448CB1F1BB70D6C004660CD /* PBXContainerItemProxy */ = {
			isa = PBXContainerItemProxy;
			containerPortal = 3447695D1BB654C0003E3760 /* Project object */;
			proxyType = 1;
			remoteGlobalIDString = 344769641BB654C0003E3760;
			remoteInfo = Assuntos;
		};
/* End PBXContainerItemProxy section */

/* Begin PBXFileReference section */
		344769651BB654C0003E3760 /* Assuntos.app */ = {isa = PBXFileReference; explicitFileType = wrapper.application; includeInIndex = 0; path = Assuntos.app; sourceTree = BUILT_PRODUCTS_DIR; };
		344769681BB654C0003E3760 /* AppDelegate.swift */ = {isa = PBXFileReference; lastKnownFileType = sourcecode.swift; name = AppDelegate.swift; path = Assuntos/AppDelegate.swift; sourceTree = "<group>"; };
		3447696D1BB654C0003E3760 /* Base */ = {isa = PBXFileReference; lastKnownFileType = file.storyboard; name = Base; path = Base.lproj/Main.storyboard; sourceTree = "<group>"; };
		3447696F1BB654C0003E3760 /* Assets.xcassets */ = {isa = PBXFileReference; lastKnownFileType = folder.assetcatalog; path = Assets.xcassets; sourceTree = "<group>"; };
		344769721BB654C0003E3760 /* Base */ = {isa = PBXFileReference; lastKnownFileType = file.storyboard; name = Base; path = Base.lproj/LaunchScreen.storyboard; sourceTree = "<group>"; };
		344769741BB654C0003E3760 /* Info.plist */ = {isa = PBXFileReference; lastKnownFileType = text.plist.xml; path = Info.plist; sourceTree = "<group>"; };
		344769791BB654C0003E3760 /* AssuntosTests.xctest */ = {isa = PBXFileReference; explicitFileType = wrapper.cfbundle; includeInIndex = 0; path = AssuntosTests.xctest; sourceTree = BUILT_PRODUCTS_DIR; };
		3447697D1BB654C0003E3760 /* AssuntosTests.swift */ = {isa = PBXFileReference; lastKnownFileType = sourcecode.swift; path = AssuntosTests.swift; sourceTree = "<group>"; };
		3447697F1BB654C0003E3760 /* Info.plist */ = {isa = PBXFileReference; lastKnownFileType = text.plist.xml; path = Info.plist; sourceTree = "<group>"; };
		344769841BB654C0003E3760 /* AssuntosUITests.xctest */ = {isa = PBXFileReference; explicitFileType = wrapper.cfbundle; includeInIndex = 0; path = AssuntosUITests.xctest; sourceTree = BUILT_PRODUCTS_DIR; };
		344769881BB654C0003E3760 /* AssuntosUITests.swift */ = {isa = PBXFileReference; lastKnownFileType = sourcecode.swift; path = AssuntosUITests.swift; sourceTree = "<group>"; };
		3447698A1BB654C0003E3760 /* Info.plist */ = {isa = PBXFileReference; lastKnownFileType = text.plist.xml; path = Info.plist; sourceTree = "<group>"; };
		3447699C1BB65B4A003E3760 /* pt-BR */ = {isa = PBXFileReference; lastKnownFileType = text.plist.strings; name = "pt-BR"; path = "pt-BR.lproj/Main.strings"; sourceTree = "<group>"; };
		3447699D1BB65B4A003E3760 /* pt-BR */ = {isa = PBXFileReference; lastKnownFileType = text.plist.strings; name = "pt-BR"; path = "pt-BR.lproj/LaunchScreen.strings"; sourceTree = "<group>"; };
		3447699E1BB6615A003E3760 /* SubjectTableViewController.swift */ = {isa = PBXFileReference; fileEncoding = 4; lastKnownFileType = sourcecode.swift; path = SubjectTableViewController.swift; sourceTree = "<group>"; };
		344769AE1BB66CD9003E3760 /* SubjectGatewayFake.swift */ = {isa = PBXFileReference; fileEncoding = 4; lastKnownFileType = sourcecode.swift; path = SubjectGatewayFake.swift; sourceTree = "<group>"; };
		344769B01BB66D4A003E3760 /* GetSubjecstListUsecase.swift */ = {isa = PBXFileReference; fileEncoding = 4; lastKnownFileType = sourcecode.swift; path = GetSubjecstListUsecase.swift; sourceTree = "<group>"; };
		344769B21BB66E27003E3760 /* GatewaySubject.swift */ = {isa = PBXFileReference; fileEncoding = 4; lastKnownFileType = sourcecode.swift; path = GatewaySubject.swift; sourceTree = "<group>"; };
		344769B61BB67094003E3760 /* Subject.swift */ = {isa = PBXFileReference; fileEncoding = 4; lastKnownFileType = sourcecode.swift; path = Subject.swift; sourceTree = "<group>"; };
		3448CB041BB6F8C6004660CD /* SuggestionTableViewController.swift */ = {isa = PBXFileReference; fileEncoding = 4; lastKnownFileType = sourcecode.swift; path = SuggestionTableViewController.swift; sourceTree = "<group>"; };
		3448CB061BB6F8F2004660CD /* Suggestion.swift */ = {isa = PBXFileReference; fileEncoding = 4; lastKnownFileType = sourcecode.swift; path = Suggestion.swift; sourceTree = "<group>"; };
		3448CB0A1BB6FBCD004660CD /* GatewaySuggestion.swift */ = {isa = PBXFileReference; fileEncoding = 4; lastKnownFileType = sourcecode.swift; path = GatewaySuggestion.swift; sourceTree = "<group>"; };
		3448CB0C1BB6FCCE004660CD /* SuggestionGatewayFake.swift */ = {isa = PBXFileReference; fileEncoding = 4; lastKnownFileType = sourcecode.swift; path = SuggestionGatewayFake.swift; sourceTree = "<group>"; };
		3448CB0E1BB6FF02004660CD /* AddSuggestionToSubjectUsecase.swift */ = {isa = PBXFileReference; fileEncoding = 4; lastKnownFileType = sourcecode.swift; path = AddSuggestionToSubjectUsecase.swift; sourceTree = "<group>"; };
		3448CB121BB7038A004660CD /* GetRandomSuggestionUsecase.swift */ = {isa = PBXFileReference; fileEncoding = 4; lastKnownFileType = sourcecode.swift; path = GetRandomSuggestionUsecase.swift; sourceTree = "<group>"; };
		3448CB1A1BB70D6C004660CD /* AssuntosTestsCore.xctest */ = {isa = PBXFileReference; explicitFileType = wrapper.cfbundle; includeInIndex = 0; path = AssuntosTestsCore.xctest; sourceTree = BUILT_PRODUCTS_DIR; };
		3448CB1E1BB70D6C004660CD /* Info.plist */ = {isa = PBXFileReference; lastKnownFileType = text.plist.xml; path = Info.plist; sourceTree = "<group>"; };
		3448CB281BB70DD7004660CD /* AddSubjectUsecaseTest.swift */ = {isa = PBXFileReference; fileEncoding = 4; lastKnownFileType = sourcecode.swift; path = AddSubjectUsecaseTest.swift; sourceTree = "<group>"; };
		3448CB291BB70DD7004660CD /* AddSuggestionToSubjectUsecaseTest.swift */ = {isa = PBXFileReference; fileEncoding = 4; lastKnownFileType = sourcecode.swift; path = AddSuggestionToSubjectUsecaseTest.swift; sourceTree = "<group>"; };
		3448CB2A1BB70DD7004660CD /* GetRandomSubjectUsecaseTest.swift */ = {isa = PBXFileReference; fileEncoding = 4; lastKnownFileType = sourcecode.swift; path = GetRandomSubjectUsecaseTest.swift; sourceTree = "<group>"; };
		3448CB2B1BB70DD7004660CD /* GetSubjectsListUsecaseTest.swift */ = {isa = PBXFileReference; fileEncoding = 4; lastKnownFileType = sourcecode.swift; path = GetSubjectsListUsecaseTest.swift; sourceTree = "<group>"; };
		3448CB341BB72F05004660CD /* SubjectGateway.swift */ = {isa = PBXFileReference; fileEncoding = 4; lastKnownFileType = sourcecode.swift; path = SubjectGateway.swift; sourceTree = "<group>"; };
		3448CB351BB72F05004660CD /* SuggestionGateway.swift */ = {isa = PBXFileReference; fileEncoding = 4; lastKnownFileType = sourcecode.swift; path = SuggestionGateway.swift; sourceTree = "<group>"; };
		3448CB381BB73938004660CD /* GetRandomSuggestionBySubjectUsecaseTest.swift */ = {isa = PBXFileReference; fileEncoding = 4; lastKnownFileType = sourcecode.swift; path = GetRandomSuggestionBySubjectUsecaseTest.swift; sourceTree = "<group>"; };
		3448CB3A1BB7397B004660CD /* GetRandomSuggestionBySubjectUsecase.swift */ = {isa = PBXFileReference; fileEncoding = 4; lastKnownFileType = sourcecode.swift; path = GetRandomSuggestionBySubjectUsecase.swift; sourceTree = "<group>"; };
		3448CB3D1BB73D61004660CD /* ArrayExtension.swift */ = {isa = PBXFileReference; fileEncoding = 4; lastKnownFileType = sourcecode.swift; path = ArrayExtension.swift; sourceTree = "<group>"; };
		34AF21641BB67CB7008BC0DF /* AddSubjectUsecase.swift */ = {isa = PBXFileReference; fileEncoding = 4; lastKnownFileType = sourcecode.swift; path = AddSubjectUsecase.swift; sourceTree = "<group>"; };
/* End PBXFileReference section */

/* Begin PBXFrameworksBuildPhase section */
		344769621BB654C0003E3760 /* Frameworks */ = {
			isa = PBXFrameworksBuildPhase;
			buildActionMask = 2147483647;
			files = (
			);
			runOnlyForDeploymentPostprocessing = 0;
		};
		344769761BB654C0003E3760 /* Frameworks */ = {
			isa = PBXFrameworksBuildPhase;
			buildActionMask = 2147483647;
			files = (
			);
			runOnlyForDeploymentPostprocessing = 0;
		};
		344769811BB654C0003E3760 /* Frameworks */ = {
			isa = PBXFrameworksBuildPhase;
			buildActionMask = 2147483647;
			files = (
			);
			runOnlyForDeploymentPostprocessing = 0;
		};
		3448CB171BB70D6C004660CD /* Frameworks */ = {
			isa = PBXFrameworksBuildPhase;
			buildActionMask = 2147483647;
			files = (
			);
			runOnlyForDeploymentPostprocessing = 0;
		};
/* End PBXFrameworksBuildPhase section */

/* Begin PBXGroup section */
		3447695C1BB654C0003E3760 = {
			isa = PBXGroup;
			children = (
				344769671BB654C0003E3760 /* Assuntos */,
				344769681BB654C0003E3760 /* AppDelegate.swift */,
				3447697C1BB654C0003E3760 /* AssuntosTests */,
				344769871BB654C0003E3760 /* AssuntosUITests */,
				3448CB1B1BB70D6C004660CD /* AssuntosTestsCore */,
				344769661BB654C0003E3760 /* Products */,
			);
			sourceTree = "<group>";
		};
		344769661BB654C0003E3760 /* Products */ = {
			isa = PBXGroup;
			children = (
				344769651BB654C0003E3760 /* Assuntos.app */,
				344769791BB654C0003E3760 /* AssuntosTests.xctest */,
				344769841BB654C0003E3760 /* AssuntosUITests.xctest */,
				3448CB1A1BB70D6C004660CD /* AssuntosTestsCore.xctest */,
			);
			name = Products;
			sourceTree = "<group>";
		};
		344769671BB654C0003E3760 /* Assuntos */ = {
			isa = PBXGroup;
			children = (
				3448CB3C1BB73D32004660CD /* Extensions */,
				344769B51BB67051003E3760 /* Models */,
				344769991BB6587D003E3760 /* Core */,
				344769A21BB66200003E3760 /* Gateways */,
				3447699A1BB65999003E3760 /* SupportingFiles */,
				344769981BB65877003E3760 /* ViewControllers */,
				3447699B1BB659EC003E3760 /* Views */,
			);
			path = Assuntos;
			sourceTree = "<group>";
		};
		3447697C1BB654C0003E3760 /* AssuntosTests */ = {
			isa = PBXGroup;
			children = (
				3447697D1BB654C0003E3760 /* AssuntosTests.swift */,
				3447697F1BB654C0003E3760 /* Info.plist */,
			);
			path = AssuntosTests;
			sourceTree = "<group>";
		};
		344769871BB654C0003E3760 /* AssuntosUITests */ = {
			isa = PBXGroup;
			children = (
				344769881BB654C0003E3760 /* AssuntosUITests.swift */,
				3447698A1BB654C0003E3760 /* Info.plist */,
			);
			path = AssuntosUITests;
			sourceTree = "<group>";
		};
		344769981BB65877003E3760 /* ViewControllers */ = {
			isa = PBXGroup;
			children = (
				3447699E1BB6615A003E3760 /* SubjectTableViewController.swift */,
				3448CB041BB6F8C6004660CD /* SuggestionTableViewController.swift */,
			);
			name = ViewControllers;
			path = Assuntos/ViewControllers;
			sourceTree = SOURCE_ROOT;
		};
		344769991BB6587D003E3760 /* Core */ = {
			isa = PBXGroup;
			children = (
				344769AB1BB66B63003E3760 /* Doubles */,
				344769A11BB661E5003E3760 /* Protocols */,
				344769A01BB661D4003E3760 /* Usecases */,
			);
			name = Core;
			path = Assuntos/Core;
			sourceTree = SOURCE_ROOT;
		};
		3447699A1BB65999003E3760 /* SupportingFiles */ = {
			isa = PBXGroup;
			children = (
				3447696F1BB654C0003E3760 /* Assets.xcassets */,
				344769741BB654C0003E3760 /* Info.plist */,
			);
			name = SupportingFiles;
			sourceTree = "<group>";
		};
		3447699B1BB659EC003E3760 /* Views */ = {
			isa = PBXGroup;
			children = (
				3447696C1BB654C0003E3760 /* Main.storyboard */,
				344769711BB654C0003E3760 /* LaunchScreen.storyboard */,
			);
			name = Views;
			sourceTree = "<group>";
		};
		344769A01BB661D4003E3760 /* Usecases */ = {
			isa = PBXGroup;
			children = (
				344769B01BB66D4A003E3760 /* GetSubjecstListUsecase.swift */,
				34AF21641BB67CB7008BC0DF /* AddSubjectUsecase.swift */,
				3448CB0E1BB6FF02004660CD /* AddSuggestionToSubjectUsecase.swift */,
				3448CB121BB7038A004660CD /* GetRandomSuggestionUsecase.swift */,
				3448CB3A1BB7397B004660CD /* GetRandomSuggestionBySubjectUsecase.swift */,
			);
			name = Usecases;
			path = Assuntos/Core/Usecases;
			sourceTree = SOURCE_ROOT;
		};
		344769A11BB661E5003E3760 /* Protocols */ = {
			isa = PBXGroup;
			children = (
				344769B21BB66E27003E3760 /* GatewaySubject.swift */,
				3448CB0A1BB6FBCD004660CD /* GatewaySuggestion.swift */,
			);
			name = Protocols;
			path = Assuntos/Core/Protocols;
			sourceTree = SOURCE_ROOT;
		};
		344769A21BB66200003E3760 /* Gateways */ = {
			isa = PBXGroup;
			children = (
				3448CB341BB72F05004660CD /* SubjectGateway.swift */,
				3448CB351BB72F05004660CD /* SuggestionGateway.swift */,
			);
			name = Gateways;
			path = Assuntos/Gateways;
			sourceTree = SOURCE_ROOT;
		};
		344769AB1BB66B63003E3760 /* Doubles */ = {
			isa = PBXGroup;
			children = (
				344769AE1BB66CD9003E3760 /* SubjectGatewayFake.swift */,
				3448CB0C1BB6FCCE004660CD /* SuggestionGatewayFake.swift */,
			);
			name = Doubles;
			path = Assuntos/Core/Doubles;
			sourceTree = SOURCE_ROOT;
		};
		344769B51BB67051003E3760 /* Models */ = {
			isa = PBXGroup;
			children = (
				344769B61BB67094003E3760 /* Subject.swift */,
				3448CB061BB6F8F2004660CD /* Suggestion.swift */,
			);
			name = Models;
			path = Assuntos/Models;
			sourceTree = SOURCE_ROOT;
		};
		3448CB1B1BB70D6C004660CD /* AssuntosTestsCore */ = {
			isa = PBXGroup;
			children = (
				3448CB271BB70DD7004660CD /* Usecases */,
				3448CB1E1BB70D6C004660CD /* Info.plist */,
			);
			path = AssuntosTestsCore;
			sourceTree = "<group>";
		};
		3448CB271BB70DD7004660CD /* Usecases */ = {
			isa = PBXGroup;
			children = (
				3448CB281BB70DD7004660CD /* AddSubjectUsecaseTest.swift */,
				3448CB291BB70DD7004660CD /* AddSuggestionToSubjectUsecaseTest.swift */,
				3448CB2A1BB70DD7004660CD /* GetRandomSubjectUsecaseTest.swift */,
				3448CB2B1BB70DD7004660CD /* GetSubjectsListUsecaseTest.swift */,
				3448CB381BB73938004660CD /* GetRandomSuggestionBySubjectUsecaseTest.swift */,
			);
			name = Usecases;
			path = AssuntosTestsCore/Usecases;
			sourceTree = SOURCE_ROOT;
		};
		3448CB3C1BB73D32004660CD /* Extensions */ = {
			isa = PBXGroup;
			children = (
				3448CB3D1BB73D61004660CD /* ArrayExtension.swift */,
			);
			name = Extensions;
			path = Assuntos/Extensions;
			sourceTree = SOURCE_ROOT;
		};
/* End PBXGroup section */

/* Begin PBXNativeTarget section */
		344769641BB654C0003E3760 /* Assuntos */ = {
			isa = PBXNativeTarget;
			buildConfigurationList = 3447698D1BB654C0003E3760 /* Build configuration list for PBXNativeTarget "Assuntos" */;
			buildPhases = (
				344769611BB654C0003E3760 /* Sources */,
				344769621BB654C0003E3760 /* Frameworks */,
				344769631BB654C0003E3760 /* Resources */,
			);
			buildRules = (
			);
			dependencies = (
			);
			name = Assuntos;
			productName = Assuntos;
			productReference = 344769651BB654C0003E3760 /* Assuntos.app */;
			productType = "com.apple.product-type.application";
		};
		344769781BB654C0003E3760 /* AssuntosTests */ = {
			isa = PBXNativeTarget;
			buildConfigurationList = 344769901BB654C0003E3760 /* Build configuration list for PBXNativeTarget "AssuntosTests" */;
			buildPhases = (
				344769751BB654C0003E3760 /* Sources */,
				344769761BB654C0003E3760 /* Frameworks */,
				344769771BB654C0003E3760 /* Resources */,
			);
			buildRules = (
			);
			dependencies = (
				3447697B1BB654C0003E3760 /* PBXTargetDependency */,
			);
			name = AssuntosTests;
			productName = AssuntosTests;
			productReference = 344769791BB654C0003E3760 /* AssuntosTests.xctest */;
			productType = "com.apple.product-type.bundle.unit-test";
		};
		344769831BB654C0003E3760 /* AssuntosUITests */ = {
			isa = PBXNativeTarget;
			buildConfigurationList = 344769931BB654C0003E3760 /* Build configuration list for PBXNativeTarget "AssuntosUITests" */;
			buildPhases = (
				344769801BB654C0003E3760 /* Sources */,
				344769811BB654C0003E3760 /* Frameworks */,
				344769821BB654C0003E3760 /* Resources */,
			);
			buildRules = (
			);
			dependencies = (
				344769861BB654C0003E3760 /* PBXTargetDependency */,
			);
			name = AssuntosUITests;
			productName = AssuntosUITests;
			productReference = 344769841BB654C0003E3760 /* AssuntosUITests.xctest */;
			productType = "com.apple.product-type.bundle.ui-testing";
		};
		3448CB191BB70D6C004660CD /* AssuntosTestsCore */ = {
			isa = PBXNativeTarget;
			buildConfigurationList = 3448CB211BB70D6C004660CD /* Build configuration list for PBXNativeTarget "AssuntosTestsCore" */;
			buildPhases = (
				3448CB161BB70D6C004660CD /* Sources */,
				3448CB171BB70D6C004660CD /* Frameworks */,
				3448CB181BB70D6C004660CD /* Resources */,
			);
			buildRules = (
			);
			dependencies = (
				3448CB201BB70D6C004660CD /* PBXTargetDependency */,
			);
			name = AssuntosTestsCore;
			productName = AssuntosTestsCore;
			productReference = 3448CB1A1BB70D6C004660CD /* AssuntosTestsCore.xctest */;
			productType = "com.apple.product-type.bundle.unit-test";
		};
/* End PBXNativeTarget section */

/* Begin PBXProject section */
		3447695D1BB654C0003E3760 /* Project object */ = {
			isa = PBXProject;
			attributes = {
				LastUpgradeCheck = 0700;
				ORGANIZATIONNAME = "Ronan Rodrigo Nunes";
				TargetAttributes = {
					344769641BB654C0003E3760 = {
						CreatedOnToolsVersion = 7.0;
					};
					344769781BB654C0003E3760 = {
						CreatedOnToolsVersion = 7.0;
						TestTargetID = 344769641BB654C0003E3760;
					};
					344769831BB654C0003E3760 = {
						CreatedOnToolsVersion = 7.0;
						TestTargetID = 344769641BB654C0003E3760;
					};
					3448CB191BB70D6C004660CD = {
						CreatedOnToolsVersion = 7.0;
						TestTargetID = 344769641BB654C0003E3760;
					};
				};
			};
			buildConfigurationList = 344769601BB654C0003E3760 /* Build configuration list for PBXProject "Assuntos" */;
			compatibilityVersion = "Xcode 3.2";
			developmentRegion = English;
			hasScannedForEncodings = 0;
			knownRegions = (
				Base,
			);
			mainGroup = 3447695C1BB654C0003E3760;
			productRefGroup = 344769661BB654C0003E3760 /* Products */;
			projectDirPath = "";
			projectRoot = "";
			targets = (
				344769641BB654C0003E3760 /* Assuntos */,
				344769781BB654C0003E3760 /* AssuntosTests */,
				344769831BB654C0003E3760 /* AssuntosUITests */,
				3448CB191BB70D6C004660CD /* AssuntosTestsCore */,
			);
		};
/* End PBXProject section */

/* Begin PBXResourcesBuildPhase section */
		344769631BB654C0003E3760 /* Resources */ = {
			isa = PBXResourcesBuildPhase;
			buildActionMask = 2147483647;
			files = (
				344769731BB654C0003E3760 /* LaunchScreen.storyboard in Resources */,
				344769701BB654C0003E3760 /* Assets.xcassets in Resources */,
				3447696E1BB654C0003E3760 /* Main.storyboard in Resources */,
			);
			runOnlyForDeploymentPostprocessing = 0;
		};
		344769771BB654C0003E3760 /* Resources */ = {
			isa = PBXResourcesBuildPhase;
			buildActionMask = 2147483647;
			files = (
			);
			runOnlyForDeploymentPostprocessing = 0;
		};
		344769821BB654C0003E3760 /* Resources */ = {
			isa = PBXResourcesBuildPhase;
			buildActionMask = 2147483647;
			files = (
			);
			runOnlyForDeploymentPostprocessing = 0;
		};
		3448CB181BB70D6C004660CD /* Resources */ = {
			isa = PBXResourcesBuildPhase;
			buildActionMask = 2147483647;
			files = (
			);
			runOnlyForDeploymentPostprocessing = 0;
		};
/* End PBXResourcesBuildPhase section */

/* Begin PBXSourcesBuildPhase section */
		344769611BB654C0003E3760 /* Sources */ = {
			isa = PBXSourcesBuildPhase;
			buildActionMask = 2147483647;
			files = (
				3447699F1BB6615A003E3760 /* SubjectTableViewController.swift in Sources */,
				3448CB3E1BB73D61004660CD /* ArrayExtension.swift in Sources */,
				3448CB3B1BB7397B004660CD /* GetRandomSuggestionBySubjectUsecase.swift in Sources */,
				344769691BB654C0003E3760 /* AppDelegate.swift in Sources */,
				3448CB361BB72F05004660CD /* SubjectGateway.swift in Sources */,
				3448CB371BB72F05004660CD /* SuggestionGateway.swift in Sources */,
				344769B31BB66E27003E3760 /* GatewaySubject.swift in Sources */,
				344769AF1BB66CD9003E3760 /* SubjectGatewayFake.swift in Sources */,
				3448CB0B1BB6FBCD004660CD /* GatewaySuggestion.swift in Sources */,
				34AF21651BB67CB7008BC0DF /* AddSubjectUsecase.swift in Sources */,
				3448CB131BB7038A004660CD /* GetRandomSuggestionUsecase.swift in Sources */,
				3448CB071BB6F8F2004660CD /* Suggestion.swift in Sources */,
				3448CB0D1BB6FCCE004660CD /* SuggestionGatewayFake.swift in Sources */,
				3448CB051BB6F8C6004660CD /* SuggestionTableViewController.swift in Sources */,
				344769B71BB67094003E3760 /* Subject.swift in Sources */,
				344769B11BB66D4A003E3760 /* GetSubjecstListUsecase.swift in Sources */,
				3448CB0F1BB6FF02004660CD /* AddSuggestionToSubjectUsecase.swift in Sources */,
			);
			runOnlyForDeploymentPostprocessing = 0;
		};
		344769751BB654C0003E3760 /* Sources */ = {
			isa = PBXSourcesBuildPhase;
			buildActionMask = 2147483647;
			files = (
				3447697E1BB654C0003E3760 /* AssuntosTests.swift in Sources */,
			);
			runOnlyForDeploymentPostprocessing = 0;
		};
		344769801BB654C0003E3760 /* Sources */ = {
			isa = PBXSourcesBuildPhase;
			buildActionMask = 2147483647;
			files = (
				344769891BB654C0003E3760 /* AssuntosUITests.swift in Sources */,
			);
			runOnlyForDeploymentPostprocessing = 0;
		};
		3448CB161BB70D6C004660CD /* Sources */ = {
			isa = PBXSourcesBuildPhase;
			buildActionMask = 2147483647;
			files = (
				3448CB2C1BB70DD7004660CD /* AddSubjectUsecaseTest.swift in Sources */,
				3448CB2E1BB70DD7004660CD /* GetRandomSubjectUsecaseTest.swift in Sources */,
				3448CB2F1BB70DD7004660CD /* GetSubjectsListUsecaseTest.swift in Sources */,
				3448CB2D1BB70DD7004660CD /* AddSuggestionToSubjectUsecaseTest.swift in Sources */,
				3448CB391BB73938004660CD /* GetRandomSuggestionBySubjectUsecaseTest.swift in Sources */,
			);
			runOnlyForDeploymentPostprocessing = 0;
		};
/* End PBXSourcesBuildPhase section */

/* Begin PBXTargetDependency section */
		3447697B1BB654C0003E3760 /* PBXTargetDependency */ = {
			isa = PBXTargetDependency;
			target = 344769641BB654C0003E3760 /* Assuntos */;
			targetProxy = 3447697A1BB654C0003E3760 /* PBXContainerItemProxy */;
		};
		344769861BB654C0003E3760 /* PBXTargetDependency */ = {
			isa = PBXTargetDependency;
			target = 344769641BB654C0003E3760 /* Assuntos */;
			targetProxy = 344769851BB654C0003E3760 /* PBXContainerItemProxy */;
		};
		3448CB201BB70D6C004660CD /* PBXTargetDependency */ = {
			isa = PBXTargetDependency;
			target = 344769641BB654C0003E3760 /* Assuntos */;
			targetProxy = 3448CB1F1BB70D6C004660CD /* PBXContainerItemProxy */;
		};
/* End PBXTargetDependency section */

/* Begin PBXVariantGroup section */
		3447696C1BB654C0003E3760 /* Main.storyboard */ = {
			isa = PBXVariantGroup;
			children = (
				3447696D1BB654C0003E3760 /* Base */,
				3447699C1BB65B4A003E3760 /* pt-BR */,
			);
			name = Main.storyboard;
			sourceTree = "<group>";
		};
		344769711BB654C0003E3760 /* LaunchScreen.storyboard */ = {
			isa = PBXVariantGroup;
			children = (
				344769721BB654C0003E3760 /* Base */,
				3447699D1BB65B4A003E3760 /* pt-BR */,
			);
			name = LaunchScreen.storyboard;
			sourceTree = "<group>";
		};
/* End PBXVariantGroup section */

/* Begin XCBuildConfiguration section */
		3447698B1BB654C0003E3760 /* Debug */ = {
			isa = XCBuildConfiguration;
			buildSettings = {
				ALWAYS_SEARCH_USER_PATHS = NO;
				CLANG_CXX_LANGUAGE_STANDARD = "gnu++0x";
				CLANG_CXX_LIBRARY = "libc++";
				CLANG_ENABLE_MODULES = YES;
				CLANG_ENABLE_OBJC_ARC = YES;
				CLANG_WARN_BOOL_CONVERSION = YES;
				CLANG_WARN_CONSTANT_CONVERSION = YES;
				CLANG_WARN_DIRECT_OBJC_ISA_USAGE = YES_ERROR;
				CLANG_WARN_EMPTY_BODY = YES;
				CLANG_WARN_ENUM_CONVERSION = YES;
				CLANG_WARN_INT_CONVERSION = YES;
				CLANG_WARN_OBJC_ROOT_CLASS = YES_ERROR;
				CLANG_WARN_UNREACHABLE_CODE = YES;
				CLANG_WARN__DUPLICATE_METHOD_MATCH = YES;
				"CODE_SIGN_IDENTITY[sdk=iphoneos*]" = "iPhone Developer";
				COPY_PHASE_STRIP = NO;
				DEBUG_INFORMATION_FORMAT = dwarf;
				ENABLE_STRICT_OBJC_MSGSEND = YES;
				ENABLE_TESTABILITY = YES;
				GCC_C_LANGUAGE_STANDARD = gnu99;
				GCC_DYNAMIC_NO_PIC = NO;
				GCC_NO_COMMON_BLOCKS = YES;
				GCC_OPTIMIZATION_LEVEL = 0;
				GCC_PREPROCESSOR_DEFINITIONS = (
					"DEBUG=1",
					"$(inherited)",
				);
				GCC_WARN_64_TO_32_BIT_CONVERSION = YES;
				GCC_WARN_ABOUT_RETURN_TYPE = YES_ERROR;
				GCC_WARN_UNDECLARED_SELECTOR = YES;
				GCC_WARN_UNINITIALIZED_AUTOS = YES_AGGRESSIVE;
				GCC_WARN_UNUSED_FUNCTION = YES;
				GCC_WARN_UNUSED_VARIABLE = YES;
				IPHONEOS_DEPLOYMENT_TARGET = 9.0;
				MTL_ENABLE_DEBUG_INFO = YES;
				ONLY_ACTIVE_ARCH = YES;
				SDKROOT = iphoneos;
				SWIFT_OPTIMIZATION_LEVEL = "-Onone";
			};
			name = Debug;
		};
		3447698C1BB654C0003E3760 /* Release */ = {
			isa = XCBuildConfiguration;
			buildSettings = {
				ALWAYS_SEARCH_USER_PATHS = NO;
				CLANG_CXX_LANGUAGE_STANDARD = "gnu++0x";
				CLANG_CXX_LIBRARY = "libc++";
				CLANG_ENABLE_MODULES = YES;
				CLANG_ENABLE_OBJC_ARC = YES;
				CLANG_WARN_BOOL_CONVERSION = YES;
				CLANG_WARN_CONSTANT_CONVERSION = YES;
				CLANG_WARN_DIRECT_OBJC_ISA_USAGE = YES_ERROR;
				CLANG_WARN_EMPTY_BODY = YES;
				CLANG_WARN_ENUM_CONVERSION = YES;
				CLANG_WARN_INT_CONVERSION = YES;
				CLANG_WARN_OBJC_ROOT_CLASS = YES_ERROR;
				CLANG_WARN_UNREACHABLE_CODE = YES;
				CLANG_WARN__DUPLICATE_METHOD_MATCH = YES;
				"CODE_SIGN_IDENTITY[sdk=iphoneos*]" = "iPhone Developer";
				COPY_PHASE_STRIP = NO;
				DEBUG_INFORMATION_FORMAT = "dwarf-with-dsym";
				ENABLE_NS_ASSERTIONS = NO;
				ENABLE_STRICT_OBJC_MSGSEND = YES;
				GCC_C_LANGUAGE_STANDARD = gnu99;
				GCC_NO_COMMON_BLOCKS = YES;
				GCC_WARN_64_TO_32_BIT_CONVERSION = YES;
				GCC_WARN_ABOUT_RETURN_TYPE = YES_ERROR;
				GCC_WARN_UNDECLARED_SELECTOR = YES;
				GCC_WARN_UNINITIALIZED_AUTOS = YES_AGGRESSIVE;
				GCC_WARN_UNUSED_FUNCTION = YES;
				GCC_WARN_UNUSED_VARIABLE = YES;
				IPHONEOS_DEPLOYMENT_TARGET = 9.0;
				MTL_ENABLE_DEBUG_INFO = NO;
				SDKROOT = iphoneos;
				VALIDATE_PRODUCT = YES;
			};
			name = Release;
		};
		3447698E1BB654C0003E3760 /* Debug */ = {
			isa = XCBuildConfiguration;
			buildSettings = {
				ASSETCATALOG_COMPILER_APPICON_NAME = AppIcon;
				INFOPLIST_FILE = Assuntos/Info.plist;
				LD_RUNPATH_SEARCH_PATHS = "$(inherited) @executable_path/Frameworks";
				PRODUCT_BUNDLE_IDENTIFIER = io.github.ronanrodrigo.Assuntos;
				PRODUCT_NAME = "$(TARGET_NAME)";
			};
			name = Debug;
		};
		3447698F1BB654C0003E3760 /* Release */ = {
			isa = XCBuildConfiguration;
			buildSettings = {
				ASSETCATALOG_COMPILER_APPICON_NAME = AppIcon;
				INFOPLIST_FILE = Assuntos/Info.plist;
				LD_RUNPATH_SEARCH_PATHS = "$(inherited) @executable_path/Frameworks";
				PRODUCT_BUNDLE_IDENTIFIER = io.github.ronanrodrigo.Assuntos;
				PRODUCT_NAME = "$(TARGET_NAME)";
			};
			name = Release;
		};
		344769911BB654C0003E3760 /* Debug */ = {
			isa = XCBuildConfiguration;
			buildSettings = {
				BUNDLE_LOADER = "$(TEST_HOST)";
				INFOPLIST_FILE = AssuntosTests/Info.plist;
				LD_RUNPATH_SEARCH_PATHS = "$(inherited) @executable_path/Frameworks @loader_path/Frameworks";
				PRODUCT_BUNDLE_IDENTIFIER = io.github.ronanrodrigo.AssuntosTests;
				PRODUCT_NAME = "$(TARGET_NAME)";
				TEST_HOST = "$(BUILT_PRODUCTS_DIR)/Assuntos.app/Assuntos";
			};
			name = Debug;
		};
		344769921BB654C0003E3760 /* Release */ = {
			isa = XCBuildConfiguration;
			buildSettings = {
				BUNDLE_LOADER = "$(TEST_HOST)";
				INFOPLIST_FILE = AssuntosTests/Info.plist;
				LD_RUNPATH_SEARCH_PATHS = "$(inherited) @executable_path/Frameworks @loader_path/Frameworks";
				PRODUCT_BUNDLE_IDENTIFIER = io.github.ronanrodrigo.AssuntosTests;
				PRODUCT_NAME = "$(TARGET_NAME)";
				TEST_HOST = "$(BUILT_PRODUCTS_DIR)/Assuntos.app/Assuntos";
			};
			name = Release;
		};
		344769941BB654C0003E3760 /* Debug */ = {
			isa = XCBuildConfiguration;
			buildSettings = {
				INFOPLIST_FILE = AssuntosUITests/Info.plist;
				LD_RUNPATH_SEARCH_PATHS = "$(inherited) @executable_path/Frameworks @loader_path/Frameworks";
				PRODUCT_BUNDLE_IDENTIFIER = io.github.ronanrodrigo.AssuntosUITests;
				PRODUCT_NAME = "$(TARGET_NAME)";
				TEST_TARGET_NAME = Assuntos;
				USES_XCTRUNNER = YES;
			};
			name = Debug;
		};
		344769951BB654C0003E3760 /* Release */ = {
			isa = XCBuildConfiguration;
			buildSettings = {
				INFOPLIST_FILE = AssuntosUITests/Info.plist;
				LD_RUNPATH_SEARCH_PATHS = "$(inherited) @executable_path/Frameworks @loader_path/Frameworks";
				PRODUCT_BUNDLE_IDENTIFIER = io.github.ronanrodrigo.AssuntosUITests;
				PRODUCT_NAME = "$(TARGET_NAME)";
				TEST_TARGET_NAME = Assuntos;
				USES_XCTRUNNER = YES;
			};
			name = Release;
		};
		3448CB221BB70D6C004660CD /* Debug */ = {
			isa = XCBuildConfiguration;
			buildSettings = {
				BUNDLE_LOADER = "$(TEST_HOST)";
				INFOPLIST_FILE = AssuntosTestsCore/Info.plist;
				LD_RUNPATH_SEARCH_PATHS = "$(inherited) @executable_path/Frameworks @loader_path/Frameworks";
				PRODUCT_BUNDLE_IDENTIFIER = io.github.ronanrodrigo.AssuntosTestsCore;
				PRODUCT_NAME = "$(TARGET_NAME)";
				TEST_HOST = "$(BUILT_PRODUCTS_DIR)/Assuntos.app/Assuntos";
			};
			name = Debug;
		};
		3448CB231BB70D6C004660CD /* Release */ = {
			isa = XCBuildConfiguration;
			buildSettings = {
				BUNDLE_LOADER = "$(TEST_HOST)";
				INFOPLIST_FILE = AssuntosTestsCore/Info.plist;
				LD_RUNPATH_SEARCH_PATHS = "$(inherited) @executable_path/Frameworks @loader_path/Frameworks";
				PRODUCT_BUNDLE_IDENTIFIER = io.github.ronanrodrigo.AssuntosTestsCore;
				PRODUCT_NAME = "$(TARGET_NAME)";
				TEST_HOST = "$(BUILT_PRODUCTS_DIR)/Assuntos.app/Assuntos";
			};
			name = Release;
		};
/* End XCBuildConfiguration section */

/* Begin XCConfigurationList section */
		344769601BB654C0003E3760 /* Build configuration list for PBXProject "Assuntos" */ = {
			isa = XCConfigurationList;
			buildConfigurations = (
				3447698B1BB654C0003E3760 /* Debug */,
				3447698C1BB654C0003E3760 /* Release */,
			);
			defaultConfigurationIsVisible = 0;
			defaultConfigurationName = Release;
		};
		3447698D1BB654C0003E3760 /* Build configuration list for PBXNativeTarget "Assuntos" */ = {
			isa = XCConfigurationList;
			buildConfigurations = (
				3447698E1BB654C0003E3760 /* Debug */,
				3447698F1BB654C0003E3760 /* Release */,
			);
			defaultConfigurationIsVisible = 0;
			defaultConfigurationName = Release;
		};
		344769901BB654C0003E3760 /* Build configuration list for PBXNativeTarget "AssuntosTests" */ = {
			isa = XCConfigurationList;
			buildConfigurations = (
				344769911BB654C0003E3760 /* Debug */,
				344769921BB654C0003E3760 /* Release */,
			);
			defaultConfigurationIsVisible = 0;
			defaultConfigurationName = Release;
		};
		344769931BB654C0003E3760 /* Build configuration list for PBXNativeTarget "AssuntosUITests" */ = {
			isa = XCConfigurationList;
			buildConfigurations = (
				344769941BB654C0003E3760 /* Debug */,
				344769951BB654C0003E3760 /* Release */,
			);
			defaultConfigurationIsVisible = 0;
			defaultConfigurationName = Release;
		};
		3448CB211BB70D6C004660CD /* Build configuration list for PBXNativeTarget "AssuntosTestsCore" */ = {
			isa = XCConfigurationList;
			buildConfigurations = (
				3448CB221BB70D6C004660CD /* Debug */,
				3448CB231BB70D6C004660CD /* Release */,
			);
			defaultConfigurationIsVisible = 0;
		};
/* End XCConfigurationList section */
	};
	rootObject = 3447695D1BB654C0003E3760 /* Project object */;
}
