<?xml version="1.0" encoding="UTF-8"?>
<Scheme
   LastUpgradeVersion = "0700"
   version = "1.3">
   <BuildAction
      parallelizeBuildables = "YES"
      buildImplicitDependencies = "YES">
      <BuildActionEntries>
         <BuildActionEntry
            buildForTesting = "YES"
            buildForRunning = "YES"
            buildForProfiling = "YES"
            buildForArchiving = "YES"
            buildForAnalyzing = "YES">
            <BuildableReference
               BuildableIdentifier = "primary"
               BlueprintIdentifier = "344769641BB654C0003E3760"
               BuildableName = "Assuntos.app"
               BlueprintName = "Assuntos"
               ReferencedContainer = "container:Assuntos.xcodeproj">
            </BuildableReference>
         </BuildActionEntry>
      </BuildActionEntries>
   </BuildAction>
   <TestAction
      buildConfiguration = "Debug"
      selectedDebuggerIdentifier = "Xcode.DebuggerFoundation.Debugger.LLDB"
      selectedLauncherIdentifier = "Xcode.DebuggerFoundation.Launcher.LLDB"
      shouldUseLaunchSchemeArgsEnv = "YES"
      codeCoverageEnabled = "YES">
      <Testables>
         <TestableReference
            skipped = "NO">
            <BuildableReference
               BuildableIdentifier = "primary"
               BlueprintIdentifier = "344769781BB654C0003E3760"
               BuildableName = "AssuntosTests.xctest"
               BlueprintName = "AssuntosTests"
               ReferencedContainer = "container:Assuntos.xcodeproj">
            </BuildableReference>
            <SkippedTests>
               <Test
                  Identifier = "AssuntosTests">
               </Test>
               <Test
                  Identifier = "AssuntosTests/testExample()">
               </Test>
               <Test
                  Identifier = "AssuntosTests/testPerformanceExample()">
               </Test>
            </SkippedTests>
         </TestableReference>
         <TestableReference
            skipped = "NO">
            <BuildableReference
               BuildableIdentifier = "primary"
               BlueprintIdentifier = "3448CB191BB70D6C004660CD"
               BuildableName = "AssuntosTestsCore.xctest"
               BlueprintName = "AssuntosTestsCore"
               ReferencedContainer = "container:Assuntos.xcodeproj">
            </BuildableReference>
         </TestableReference>
      </Testables>
      <MacroExpansion>
         <BuildableReference
            BuildableIdentifier = "primary"
            BlueprintIdentifier = "344769641BB654C0003E3760"
            BuildableName = "Assuntos.app"
            BlueprintName = "Assuntos"
            ReferencedContainer = "container:Assuntos.xcodeproj">
         </BuildableReference>
      </MacroExpansion>
      <AdditionalOptions>
      </AdditionalOptions>
   </TestAction>
   <LaunchAction
      buildConfiguration = "Debug"
      selectedDebuggerIdentifier = "Xcode.DebuggerFoundation.Debugger.LLDB"
      selectedLauncherIdentifier = "Xcode.DebuggerFoundation.Launcher.LLDB"
      launchStyle = "0"
      useCustomWorkingDirectory = "NO"
      ignoresPersistentStateOnLaunch = "NO"
      debugDocumentVersioning = "YES"
      debugServiceExtension = "internal"
      allowLocationSimulation = "YES">
      <BuildableProductRunnable
         runnableDebuggingMode = "0">
         <BuildableReference
            BuildableIdentifier = "primary"
            BlueprintIdentifier = "344769641BB654C0003E3760"
            BuildableName = "Assuntos.app"
            BlueprintName = "Assuntos"
            ReferencedContainer = "container:Assuntos.xcodeproj">
         </BuildableReference>
      </BuildableProductRunnable>
      <AdditionalOptions>
      </AdditionalOptions>
   </LaunchAction>
   <ProfileAction
      buildConfiguration = "Release"
      shouldUseLaunchSchemeArgsEnv = "YES"
      savedToolIdentifier = ""
      useCustomWorkingDirectory = "NO"
      debugDocumentVersioning = "YES">
      <BuildableProductRunnable
         runnableDebuggingMode = "0">
         <BuildableReference
            BuildableIdentifier = "primary"
            BlueprintIdentifier = "344769641BB654C0003E3760"
            BuildableName = "Assuntos.app"
            BlueprintName = "Assuntos"
            ReferencedContainer = "container:Assuntos.xcodeproj">
         </BuildableReference>
      </BuildableProductRunnable>
   </ProfileAction>
   <AnalyzeAction
      buildConfiguration = "Debug">
   </AnalyzeAction>
   <ArchiveAction
      buildConfiguration = "Release"
      revealArchiveInOrganizer = "YES">
   </ArchiveAction>
</Scheme>
